
Microsoft Visual Studio Solution File, Format Version 12.00
# Visual Studio Version 17
VisualStudioVersion = 17.0.32112.339
MinimumVisualStudioVersion = 10.0.40219.1
Project("{FAE04EC0-301F-11D3-BF4B-00C04F79EFBC}") = "Complevo.Assesment.Api", "Complevo.Assesment.Api\Complevo.Assesment.Api.csproj", "{6C02B90A-A3BC-4916-B8FC-E075F6D9B7B2}"
EndProject
Project("{FAE04EC0-301F-11D3-BF4B-00C04F79EFBC}") = "Complevo.Assesment.Data", "Complevo.Assesment.Data\Complevo.Assesment.Data.csproj", "{DB8924C1-7AE1-4E03-84A7-9985777F3125}"
EndProject
Project("{E53339B2-1760-4266-BCC7-CA923CBCF16C}") = "docker-compose", "docker-compose.dcproj", "{24E56653-2AC6-46A3-8657-1E34A0F0112C}"
EndProject
Global
	GlobalSection(SolutionConfigurationPlatforms) = preSolution
		Debug|Any CPU = Debug|Any CPU
		Release|Any CPU = Release|Any CPU
	EndGlobalSection
	GlobalSection(ProjectConfigurationPlatforms) = postSolution
		{6C02B90A-A3BC-4916-B8FC-E075F6D9B7B2}.Debug|Any CPU.ActiveCfg = Debug|Any CPU
		{6C02B90A-A3BC-4916-B8FC-E075F6D9B7B2}.Debug|Any CPU.Build.0 = Debug|Any CPU
		{6C02B90A-A3BC-4916-B8FC-E075F6D9B7B2}.Release|Any CPU.ActiveCfg = Release|Any CPU
		{6C02B90A-A3BC-4916-B8FC-E075F6D9B7B2}.Release|Any CPU.Build.0 = Release|Any CPU
		{DB8924C1-7AE1-4E03-84A7-9985777F3125}.Debug|Any CPU.ActiveCfg = Debug|Any CPU
		{DB8924C1-7AE1-4E03-84A7-9985777F3125}.Debug|Any CPU.Build.0 = Debug|Any CPU
		{DB8924C1-7AE1-4E03-84A7-9985777F3125}.Release|Any CPU.ActiveCfg = Release|Any CPU
		{DB8924C1-7AE1-4E03-84A7-9985777F3125}.Release|Any CPU.Build.0 = Release|Any CPU
		{24E56653-2AC6-46A3-8657-1E34A0F0112C}.Debug|Any CPU.ActiveCfg = Debug|Any CPU
		{24E56653-2AC6-46A3-8657-1E34A0F0112C}.Debug|Any CPU.Build.0 = Debug|Any CPU
		{24E56653-2AC6-46A3-8657-1E34A0F0112C}.Release|Any CPU.ActiveCfg = Release|Any CPU
		{24E56653-2AC6-46A3-8657-1E34A0F0112C}.Release|Any CPU.Build.0 = Release|Any CPU
	EndGlobalSection
	GlobalSection(SolutionProperties) = preSolution
		HideSolutionNode = FALSE
	EndGlobalSection
	GlobalSection(ExtensibilityGlobals) = postSolution
		SolutionGuid = {920E5BB4-F32A-4562-B76D-E557135D0D7F}
	EndGlobalSection
EndGlobal
